
Microsoft Visual Studio Solution File, Format Version 12.00
# Visual Studio Version 17
VisualStudioVersion = 17.2.32616.157
MinimumVisualStudioVersion = 10.0.40219.1
Project("{9A19103F-16F7-4668-BE54-9A1E7A4F7556}") = "MISA.CukCuk.API", "MISA.CukCuk\MISA.CukCuk.API.csproj", "{3E502D07-2D8C-4DDB-BA13-E1DF744E7584}"
EndProject
Project("{9A19103F-16F7-4668-BE54-9A1E7A4F7556}") = "MISA.CukCuk.BL", "MISA.CukCuk.BL\MISA.CukCuk.BL.csproj", "{408B16C0-EC3C-4653-ACF7-415EE8B4B10D}"
EndProject
Project("{9A19103F-16F7-4668-BE54-9A1E7A4F7556}") = "MISA.CukCuk.DL", "MISA.CukCuk.DL\MISA.CukCuk.DL.csproj", "{22DFDAEA-A41B-4739-B515-B0D28E935A26}"
EndProject
Project("{9A19103F-16F7-4668-BE54-9A1E7A4F7556}") = "MISA.CukCuk.Common", "MISA.CukCuk.Common\MISA.CukCuk.Common.csproj", "{5DCB8FC1-6AF6-4B9C-875C-2B2943E6768E}"
EndProject
Global
	GlobalSection(SolutionConfigurationPlatforms) = preSolution
		Debug|Any CPU = Debug|Any CPU
		Release|Any CPU = Release|Any CPU
	EndGlobalSection
	GlobalSection(ProjectConfigurationPlatforms) = postSolution
		{3E502D07-2D8C-4DDB-BA13-E1DF744E7584}.Debug|Any CPU.ActiveCfg = Debug|Any CPU
		{3E502D07-2D8C-4DDB-BA13-E1DF744E7584}.Debug|Any CPU.Build.0 = Debug|Any CPU
		{3E502D07-2D8C-4DDB-BA13-E1DF744E7584}.Release|Any CPU.ActiveCfg = Release|Any CPU
		{3E502D07-2D8C-4DDB-BA13-E1DF744E7584}.Release|Any CPU.Build.0 = Release|Any CPU
		{408B16C0-EC3C-4653-ACF7-415EE8B4B10D}.Debug|Any CPU.ActiveCfg = Debug|Any CPU
		{408B16C0-EC3C-4653-ACF7-415EE8B4B10D}.Debug|Any CPU.Build.0 = Debug|Any CPU
		{408B16C0-EC3C-4653-ACF7-415EE8B4B10D}.Release|Any CPU.ActiveCfg = Release|Any CPU
		{408B16C0-EC3C-4653-ACF7-415EE8B4B10D}.Release|Any CPU.Build.0 = Release|Any CPU
		{22DFDAEA-A41B-4739-B515-B0D28E935A26}.Debug|Any CPU.ActiveCfg = Debug|Any CPU
		{22DFDAEA-A41B-4739-B515-B0D28E935A26}.Debug|Any CPU.Build.0 = Debug|Any CPU
		{22DFDAEA-A41B-4739-B515-B0D28E935A26}.Release|Any CPU.ActiveCfg = Release|Any CPU
		{22DFDAEA-A41B-4739-B515-B0D28E935A26}.Release|Any CPU.Build.0 = Release|Any CPU
		{5DCB8FC1-6AF6-4B9C-875C-2B2943E6768E}.Debug|Any CPU.ActiveCfg = Debug|Any CPU
		{5DCB8FC1-6AF6-4B9C-875C-2B2943E6768E}.Debug|Any CPU.Build.0 = Debug|Any CPU
		{5DCB8FC1-6AF6-4B9C-875C-2B2943E6768E}.Release|Any CPU.ActiveCfg = Release|Any CPU
		{5DCB8FC1-6AF6-4B9C-875C-2B2943E6768E}.Release|Any CPU.Build.0 = Release|Any CPU
	EndGlobalSection
	GlobalSection(SolutionProperties) = preSolution
		HideSolutionNode = FALSE
	EndGlobalSection
	GlobalSection(ExtensibilityGlobals) = postSolution
		SolutionGuid = {71EE4B06-A28E-4782-844F-2A1640C8BDC9}
	EndGlobalSection
EndGlobal
